
Microsoft Visual Studio Solution File, Format Version 12.00
# Visual Studio 15
VisualStudioVersion = 15.0.27428.2002
MinimumVisualStudioVersion = 10.0.40219.1
Project("{FAE04EC0-301F-11D3-BF4B-00C04F79EFBC}") = "Support24", "Support24\Support24.csproj", "{9F4EA5C6-CF1B-4516-A666-FAD3BCB76B71}"
EndProject
Global
	GlobalSection(SolutionConfigurationPlatforms) = preSolution
		Debug|Any CPU = Debug|Any CPU
		Release|Any CPU = Release|Any CPU
	EndGlobalSection
	GlobalSection(ProjectConfigurationPlatforms) = postSolution
		{9F4EA5C6-CF1B-4516-A666-FAD3BCB76B71}.Debug|Any CPU.ActiveCfg = Debug|Any CPU
		{9F4EA5C6-CF1B-4516-A666-FAD3BCB76B71}.Debug|Any CPU.Build.0 = Debug|Any CPU
		{9F4EA5C6-CF1B-4516-A666-FAD3BCB76B71}.Release|Any CPU.ActiveCfg = Release|Any CPU
		{9F4EA5C6-CF1B-4516-A666-FAD3BCB76B71}.Release|Any CPU.Build.0 = Release|Any CPU
	EndGlobalSection
	GlobalSection(SolutionProperties) = preSolution
		HideSolutionNode = FALSE
	EndGlobalSection
	GlobalSection(ExtensibilityGlobals) = postSolution
		SolutionGuid = {5F4286B7-58EA-4601-881C-7863EE5C4B04}
	EndGlobalSection
EndGlobal
